
Microsoft Visual Studio Solution File, Format Version 12.00
# Visual Studio Version 17
VisualStudioVersion = 17.4.33122.133
MinimumVisualStudioVersion = 10.0.40219.1
Project("{FAE04EC0-301F-11D3-BF4B-00C04F79EFBC}") = "Simple_Calculator", "Simple_Calculator\Simple_Calculator.csproj", "{09BFB775-3A73-46E1-9C44-F90B155203C5}"
EndProject
Global
	GlobalSection(SolutionConfigurationPlatforms) = preSolution
		Debug|Any CPU = Debug|Any CPU
		Release|Any CPU = Release|Any CPU
	EndGlobalSection
	GlobalSection(ProjectConfigurationPlatforms) = postSolution
		{09BFB775-3A73-46E1-9C44-F90B155203C5}.Debug|Any CPU.ActiveCfg = Debug|Any CPU
		{09BFB775-3A73-46E1-9C44-F90B155203C5}.Debug|Any CPU.Build.0 = Debug|Any CPU
		{09BFB775-3A73-46E1-9C44-F90B155203C5}.Release|Any CPU.ActiveCfg = Release|Any CPU
		{09BFB775-3A73-46E1-9C44-F90B155203C5}.Release|Any CPU.Build.0 = Release|Any CPU
	EndGlobalSection
	GlobalSection(SolutionProperties) = preSolution
		HideSolutionNode = FALSE
	EndGlobalSection
	GlobalSection(ExtensibilityGlobals) = postSolution
		SolutionGuid = {5661B6B3-3EEE-491C-AA99-3622345FBC07}
	EndGlobalSection
EndGlobal
