
Microsoft Visual Studio Solution File, Format Version 12.00
# Visual Studio Version 17
VisualStudioVersion = 17.3.32929.385
MinimumVisualStudioVersion = 10.0.40219.1
Project("{FAE04EC0-301F-11D3-BF4B-00C04F79EFBC}") = "Cs_nokkimine", "Cs_nokkimine\Cs_nokkimine.csproj", "{7B4A1A05-1125-415E-A250-6EDC911929EA}"
EndProject
Global
	GlobalSection(SolutionConfigurationPlatforms) = preSolution
		Debug|Any CPU = Debug|Any CPU
		Release|Any CPU = Release|Any CPU
	EndGlobalSection
	GlobalSection(ProjectConfigurationPlatforms) = postSolution
		{7B4A1A05-1125-415E-A250-6EDC911929EA}.Debug|Any CPU.ActiveCfg = Debug|Any CPU
		{7B4A1A05-1125-415E-A250-6EDC911929EA}.Debug|Any CPU.Build.0 = Debug|Any CPU
		{7B4A1A05-1125-415E-A250-6EDC911929EA}.Release|Any CPU.ActiveCfg = Release|Any CPU
		{7B4A1A05-1125-415E-A250-6EDC911929EA}.Release|Any CPU.Build.0 = Release|Any CPU
	EndGlobalSection
	GlobalSection(SolutionProperties) = preSolution
		HideSolutionNode = FALSE
	EndGlobalSection
	GlobalSection(ExtensibilityGlobals) = postSolution
		SolutionGuid = {52C6DED1-2A16-4273-8100-FB06CE989660}
	EndGlobalSection
EndGlobal
